
Microsoft Visual Studio Solution File, Format Version 12.00
# Visual Studio Version 17
VisualStudioVersion = 17.5.002.0
MinimumVisualStudioVersion = 10.0.40219.1
Project("{9A19103F-16F7-4668-BE54-9A1E7A4F7556}") = "UniversidadEF", "UniversidadEF.csproj", "{FCBFDA16-8F8A-4CCC-9942-000BD1D8AF71}"
EndProject
Global
	GlobalSection(SolutionConfigurationPlatforms) = preSolution
		Debug|Any CPU = Debug|Any CPU
		Release|Any CPU = Release|Any CPU
	EndGlobalSection
	GlobalSection(ProjectConfigurationPlatforms) = postSolution
		{FCBFDA16-8F8A-4CCC-9942-000BD1D8AF71}.Debug|Any CPU.ActiveCfg = Debug|Any CPU
		{FCBFDA16-8F8A-4CCC-9942-000BD1D8AF71}.Debug|Any CPU.Build.0 = Debug|Any CPU
		{FCBFDA16-8F8A-4CCC-9942-000BD1D8AF71}.Release|Any CPU.ActiveCfg = Release|Any CPU
		{FCBFDA16-8F8A-4CCC-9942-000BD1D8AF71}.Release|Any CPU.Build.0 = Release|Any CPU
	EndGlobalSection
	GlobalSection(SolutionProperties) = preSolution
		HideSolutionNode = FALSE
	EndGlobalSection
	GlobalSection(ExtensibilityGlobals) = postSolution
		SolutionGuid = {442AD068-97D5-4F1B-8462-CD915A65D733}
	EndGlobalSection
EndGlobal
